
Microsoft Visual Studio Solution File, Format Version 12.00
# Visual Studio Version 17
VisualStudioVersion = 17.2.32602.215
MinimumVisualStudioVersion = 10.0.40219.1
Project("{FAE04EC0-301F-11D3-BF4B-00C04F79EFBC}") = "MitraDinner.APi", "MitraDinner.APi\MitraDinner.APi.csproj", "{2918E9F6-277A-4F84-BB27-304C3C0D4945}"
EndProject
Project("{FAE04EC0-301F-11D3-BF4B-00C04F79EFBC}") = "MitraDinner.Application", "MitraDinner.Application\MitraDinner.Application.csproj", "{28A7EE5C-B822-4F5A-83EB-5C1F7E5405C4}"
EndProject
Project("{FAE04EC0-301F-11D3-BF4B-00C04F79EFBC}") = "MitraDinner.Contracts", "MitraDinner.Contracts\MitraDinner.Contracts.csproj", "{C650F097-16E4-417F-89BC-16152A1351C5}"
EndProject
Project("{FAE04EC0-301F-11D3-BF4B-00C04F79EFBC}") = "MitraDinner.Domain", "MitraDinner.Domain\MitraDinner.Domain.csproj", "{853993E8-7B19-4B4E-8413-F2263920F2FE}"
EndProject
Project("{FAE04EC0-301F-11D3-BF4B-00C04F79EFBC}") = "MitraDinner.Infrastructure", "MitraDinner.Infrastructure\MitraDinner.Infrastructure.csproj", "{73EEBA6D-04CB-47FD-B1EE-FF1C4C468235}"
EndProject
Project("{2150E333-8FDC-42A3-9474-1A3956D46DE8}") = "Requests", "Requests", "{7702B93D-09DC-4302-8288-3172125A495A}"
EndProject
Project("{2150E333-8FDC-42A3-9474-1A3956D46DE8}") = "Authentication", "Authentication", "{216D474B-AFB8-4E43-B98B-F39C2DE08486}"
EndProject
Project("{2150E333-8FDC-42A3-9474-1A3956D46DE8}") = "Docs", "Docs", "{72F82D5C-3699-4373-A067-E860154B8EF7}"
	ProjectSection(SolutionItems) = preProject
		Api.md = Api.md
	EndProjectSection
EndProject
Global
	GlobalSection(SolutionConfigurationPlatforms) = preSolution
		Debug|Any CPU = Debug|Any CPU
		Release|Any CPU = Release|Any CPU
	EndGlobalSection
	GlobalSection(ProjectConfigurationPlatforms) = postSolution
		{2918E9F6-277A-4F84-BB27-304C3C0D4945}.Debug|Any CPU.ActiveCfg = Debug|Any CPU
		{2918E9F6-277A-4F84-BB27-304C3C0D4945}.Debug|Any CPU.Build.0 = Debug|Any CPU
		{2918E9F6-277A-4F84-BB27-304C3C0D4945}.Release|Any CPU.ActiveCfg = Release|Any CPU
		{2918E9F6-277A-4F84-BB27-304C3C0D4945}.Release|Any CPU.Build.0 = Release|Any CPU
		{28A7EE5C-B822-4F5A-83EB-5C1F7E5405C4}.Debug|Any CPU.ActiveCfg = Debug|Any CPU
		{28A7EE5C-B822-4F5A-83EB-5C1F7E5405C4}.Debug|Any CPU.Build.0 = Debug|Any CPU
		{28A7EE5C-B822-4F5A-83EB-5C1F7E5405C4}.Release|Any CPU.ActiveCfg = Release|Any CPU
		{28A7EE5C-B822-4F5A-83EB-5C1F7E5405C4}.Release|Any CPU.Build.0 = Release|Any CPU
		{C650F097-16E4-417F-89BC-16152A1351C5}.Debug|Any CPU.ActiveCfg = Debug|Any CPU
		{C650F097-16E4-417F-89BC-16152A1351C5}.Debug|Any CPU.Build.0 = Debug|Any CPU
		{C650F097-16E4-417F-89BC-16152A1351C5}.Release|Any CPU.ActiveCfg = Release|Any CPU
		{C650F097-16E4-417F-89BC-16152A1351C5}.Release|Any CPU.Build.0 = Release|Any CPU
		{853993E8-7B19-4B4E-8413-F2263920F2FE}.Debug|Any CPU.ActiveCfg = Debug|Any CPU
		{853993E8-7B19-4B4E-8413-F2263920F2FE}.Debug|Any CPU.Build.0 = Debug|Any CPU
		{853993E8-7B19-4B4E-8413-F2263920F2FE}.Release|Any CPU.ActiveCfg = Release|Any CPU
		{853993E8-7B19-4B4E-8413-F2263920F2FE}.Release|Any CPU.Build.0 = Release|Any CPU
		{73EEBA6D-04CB-47FD-B1EE-FF1C4C468235}.Debug|Any CPU.ActiveCfg = Debug|Any CPU
		{73EEBA6D-04CB-47FD-B1EE-FF1C4C468235}.Debug|Any CPU.Build.0 = Debug|Any CPU
		{73EEBA6D-04CB-47FD-B1EE-FF1C4C468235}.Release|Any CPU.ActiveCfg = Release|Any CPU
		{73EEBA6D-04CB-47FD-B1EE-FF1C4C468235}.Release|Any CPU.Build.0 = Release|Any CPU
	EndGlobalSection
	GlobalSection(SolutionProperties) = preSolution
		HideSolutionNode = FALSE
	EndGlobalSection
	GlobalSection(NestedProjects) = preSolution
		{216D474B-AFB8-4E43-B98B-F39C2DE08486} = {7702B93D-09DC-4302-8288-3172125A495A}
	EndGlobalSection
	GlobalSection(ExtensibilityGlobals) = postSolution
		SolutionGuid = {C5CB8F87-97F9-470A-B5D1-80663CD8783E}
	EndGlobalSection
EndGlobal
